{
  "originHash" : "06f70fda608ad2cf80555dc3adbd36b9ff19407a8a77fae3343c38b88ecb168c",
  "pins" : [
    {
      "identity" : "flex",
      "kind" : "remoteSourceControl",
      "location" : "https://github.com/FLEXTool/FLEX",
      "state" : {
        "revision" : "e0acf59d06d498041f65bbea1e5914b6e4b39733",
        "version" : "5.22.10"
      }
    },
    {
      "identity" : "hcaptcha",
      "kind" : "remoteSourceControl",
      "location" : "https://github.com/llsc12/hcaptcha",
      "state" : {
        "branch" : "master",
        "revision" : "e7d69f4adeffe9a27a65e2c598cb6773f9765e17"
      }
    },
    {
      "identity" : "highlightswift",
      "kind" : "remoteSourceControl",
      "location" : "https://github.com/llsc12/HighlightSwift",
      "state" : {
        "branch" : "main",
        "revision" : "2661e939fd897a1f56d18f84fe99f020f3e64a63"
      }
    },
    {
      "identity" : "keychainaccess",
      "kind" : "remoteSourceControl",
      "location" : "https://github.com/kishikawakatsumi/KeychainAccess",
      "state" : {
        "branch" : "master",
        "revision" : "e0c7eebc5a4465a3c4680764f26b7a61f567cdaf"
      }
    },
    {
      "identity" : "lottie-spm",
      "kind" : "remoteSourceControl",
      "location" : "https://github.com/airbnb/lottie-spm",
      "state" : {
        "revision" : "04f2fd18cc9404a0a0917265a449002674f24ec9",
        "version" : "4.5.2"
      }
    },
    {
      "identity" : "meshgradient",
      "kind" : "remoteSourceControl",
      "location" : "https://github.com/patskovn/MeshGradient",
      "state" : {
        "branch" : "main",
        "revision" : "f16b544336b7bdaf7e3eba4ac6cba50e1160220e"
      }
    },
    {
      "identity" : "sdwebimage",
      "kind" : "remoteSourceControl",
      "location" : "https://github.com/SDWebImage/SDWebImage.git",
      "state" : {
        "revision" : "34cf2423a2c4088d06a3b08655603b5bc3eeeb3a",
        "version" : "5.21.2"
      }
    },
    {
      "identity" : "sdwebimageswiftui",
      "kind" : "remoteSourceControl",
      "location" : "https://github.com/SDWebImage/SDWebImageSwiftUI",
      "state" : {
        "revision" : "451c6dfd5ecec2cf626d1d9ca81c2d4a60355172",
        "version" : "3.1.3"
      }
    },
    {
      "identity" : "swiftui-introspect",
      "kind" : "remoteSourceControl",
      "location" : "https://github.com/siteline/swiftui-introspect",
      "state" : {
        "revision" : "807f73ce09a9b9723f12385e592b4e0aaebd3336",
        "version" : "1.3.0"
      }
    },
    {
      "identity" : "swiftuix",
      "kind" : "remoteSourceControl",
      "location" : "https://github.com/SwiftUIX/SwiftUIX",
      "state" : {
        "branch" : "master",
        "revision" : "56175334751a03f80d3a650c497b8525237d4e43"
      }
    }
  ],
  "version" : 3
}
